{
  "lockfileVersion": 1,
  "configVersion": 1,
  "workspaces": {
    "": {
      "name": "claude-code-idle-timing-plugin",
      "devDependencies": {
        "gpt-tokenizer": "^3.4.0",
      },
    },
  },
  "packages": {
    "gpt-tokenizer": ["gpt-tokenizer@3.4.0", "", {}, "sha512-wxFLnhIXTDjYebd9A9pGl3e31ZpSypbpIJSOswbgop5jLte/AsZVDvjlbEuVFlsqZixVKqbcoNmRlFDf6pz/UQ=="],
  }
}
